
Microsoft Visual Studio Solution File, Format Version 12.00
# Visual Studio 2013
VisualStudioVersion = 12.0.21005.1
MinimumVisualStudioVersion = 10.0.40219.1
Project("{FAE04EC0-301F-11D3-BF4B-00C04F79EFBC}") = "MainForm", "MainForm.csproj", "{62301AB2-6A2A-4794-A60A-13D60E039FF9}"
EndProject
Project("{FAE04EC0-301F-11D3-BF4B-00C04F79EFBC}") = "LogWriter", "..\LogWriter\LogWriter.csproj", "{B9369DC2-E86F-4727-A985-1CBAEE66A3BF}"
EndProject
Project("{FAE04EC0-301F-11D3-BF4B-00C04F79EFBC}") = "CommonInterfaces", "..\CommonInterfaces\CommonInterfaces.csproj", "{56A5D231-2872-4C7C-8547-5F4A35B06A1E}"
EndProject
Project("{2150E333-8FDC-42A3-9474-1A3956D46DE8}") = "Common interfaces", "Common interfaces", "{232218C0-BD94-417C-A356-431E1BC60E19}"
EndProject
Project("{FAE04EC0-301F-11D3-BF4B-00C04F79EFBC}") = "WordParser", "..\WordParser\WordParser.csproj", "{2A5606B9-9A3C-49A4-941F-C25D49EE0217}"
EndProject
Project("{2150E333-8FDC-42A3-9474-1A3956D46DE8}") = "ETL modules", "ETL modules", "{DD64A608-4708-4565-AB22-40CFF271FFD1}"
EndProject
Project("{2150E333-8FDC-42A3-9474-1A3956D46DE8}") = "Tools", "Tools", "{3EB38CD6-3560-47DB-A6CC-CB16900E5753}"
EndProject
Global
	GlobalSection(SolutionConfigurationPlatforms) = preSolution
		Debug|Any CPU = Debug|Any CPU
		Release|Any CPU = Release|Any CPU
	EndGlobalSection
	GlobalSection(ProjectConfigurationPlatforms) = postSolution
		{62301AB2-6A2A-4794-A60A-13D60E039FF9}.Debug|Any CPU.ActiveCfg = Debug|Any CPU
		{62301AB2-6A2A-4794-A60A-13D60E039FF9}.Debug|Any CPU.Build.0 = Debug|Any CPU
		{62301AB2-6A2A-4794-A60A-13D60E039FF9}.Release|Any CPU.ActiveCfg = Release|Any CPU
		{62301AB2-6A2A-4794-A60A-13D60E039FF9}.Release|Any CPU.Build.0 = Release|Any CPU
		{B9369DC2-E86F-4727-A985-1CBAEE66A3BF}.Debug|Any CPU.ActiveCfg = Debug|Any CPU
		{B9369DC2-E86F-4727-A985-1CBAEE66A3BF}.Debug|Any CPU.Build.0 = Debug|Any CPU
		{B9369DC2-E86F-4727-A985-1CBAEE66A3BF}.Release|Any CPU.ActiveCfg = Release|Any CPU
		{B9369DC2-E86F-4727-A985-1CBAEE66A3BF}.Release|Any CPU.Build.0 = Release|Any CPU
		{56A5D231-2872-4C7C-8547-5F4A35B06A1E}.Debug|Any CPU.ActiveCfg = Debug|Any CPU
		{56A5D231-2872-4C7C-8547-5F4A35B06A1E}.Debug|Any CPU.Build.0 = Debug|Any CPU
		{56A5D231-2872-4C7C-8547-5F4A35B06A1E}.Release|Any CPU.ActiveCfg = Release|Any CPU
		{56A5D231-2872-4C7C-8547-5F4A35B06A1E}.Release|Any CPU.Build.0 = Release|Any CPU
		{2A5606B9-9A3C-49A4-941F-C25D49EE0217}.Debug|Any CPU.ActiveCfg = Debug|Any CPU
		{2A5606B9-9A3C-49A4-941F-C25D49EE0217}.Debug|Any CPU.Build.0 = Debug|Any CPU
		{2A5606B9-9A3C-49A4-941F-C25D49EE0217}.Release|Any CPU.ActiveCfg = Release|Any CPU
		{2A5606B9-9A3C-49A4-941F-C25D49EE0217}.Release|Any CPU.Build.0 = Release|Any CPU
	EndGlobalSection
	GlobalSection(SolutionProperties) = preSolution
		HideSolutionNode = FALSE
	EndGlobalSection
	GlobalSection(NestedProjects) = preSolution
		{56A5D231-2872-4C7C-8547-5F4A35B06A1E} = {232218C0-BD94-417C-A356-431E1BC60E19}
		{2A5606B9-9A3C-49A4-941F-C25D49EE0217} = {DD64A608-4708-4565-AB22-40CFF271FFD1}
		{B9369DC2-E86F-4727-A985-1CBAEE66A3BF} = {3EB38CD6-3560-47DB-A6CC-CB16900E5753}
	EndGlobalSection
EndGlobal
