
Microsoft Visual Studio Solution File, Format Version 12.00
# Visual Studio 2013
VisualStudioVersion = 12.0.21005.1
MinimumVisualStudioVersion = 10.0.40219.1
Project("{FAE04EC0-301F-11D3-BF4B-00C04F79EFBC}") = "WordParser", "WordParser.csproj", "{2A5606B9-9A3C-49A4-941F-C25D49EE0217}"
EndProject
Project("{FAE04EC0-301F-11D3-BF4B-00C04F79EFBC}") = "MainForm", "..\MainForm\MainForm.csproj", "{62301AB2-6A2A-4794-A60A-13D60E039FF9}"
EndProject
Project("{FAE04EC0-301F-11D3-BF4B-00C04F79EFBC}") = "DbSaver", "..\DbSaver\DbSaver.csproj", "{0FD82AF8-AF18-4A9F-9455-978C7E2E6CA5}"
EndProject
Project("{FAE04EC0-301F-11D3-BF4B-00C04F79EFBC}") = "LogWriter", "..\LogWriter\LogWriter.csproj", "{B9369DC2-E86F-4727-A985-1CBAEE66A3BF}"
EndProject
Project("{FAE04EC0-301F-11D3-BF4B-00C04F79EFBC}") = "LogInterfaces", "..\LogInterfaces\LogInterfaces.csproj", "{56A5D231-2872-4C7C-8547-5F4A35B06A1E}"
EndProject
Project("{2150E333-8FDC-42A3-9474-1A3956D46DE8}") = "CommonInterfaces", "CommonInterfaces", "{232218C0-BD94-417C-A356-431E1BC60E19}"
EndProject
Global
	GlobalSection(SolutionConfigurationPlatforms) = preSolution
		Debug|Any CPU = Debug|Any CPU
		Release|Any CPU = Release|Any CPU
	EndGlobalSection
	GlobalSection(ProjectConfigurationPlatforms) = postSolution
		{2A5606B9-9A3C-49A4-941F-C25D49EE0217}.Debug|Any CPU.ActiveCfg = Debug|Any CPU
		{2A5606B9-9A3C-49A4-941F-C25D49EE0217}.Debug|Any CPU.Build.0 = Debug|Any CPU
		{2A5606B9-9A3C-49A4-941F-C25D49EE0217}.Release|Any CPU.ActiveCfg = Release|Any CPU
		{2A5606B9-9A3C-49A4-941F-C25D49EE0217}.Release|Any CPU.Build.0 = Release|Any CPU
		{62301AB2-6A2A-4794-A60A-13D60E039FF9}.Debug|Any CPU.ActiveCfg = Debug|Any CPU
		{62301AB2-6A2A-4794-A60A-13D60E039FF9}.Debug|Any CPU.Build.0 = Debug|Any CPU
		{62301AB2-6A2A-4794-A60A-13D60E039FF9}.Release|Any CPU.ActiveCfg = Release|Any CPU
		{62301AB2-6A2A-4794-A60A-13D60E039FF9}.Release|Any CPU.Build.0 = Release|Any CPU
		{0FD82AF8-AF18-4A9F-9455-978C7E2E6CA5}.Debug|Any CPU.ActiveCfg = Debug|Any CPU
		{0FD82AF8-AF18-4A9F-9455-978C7E2E6CA5}.Debug|Any CPU.Build.0 = Debug|Any CPU
		{0FD82AF8-AF18-4A9F-9455-978C7E2E6CA5}.Release|Any CPU.ActiveCfg = Release|Any CPU
		{0FD82AF8-AF18-4A9F-9455-978C7E2E6CA5}.Release|Any CPU.Build.0 = Release|Any CPU
		{B9369DC2-E86F-4727-A985-1CBAEE66A3BF}.Debug|Any CPU.ActiveCfg = Debug|Any CPU
		{B9369DC2-E86F-4727-A985-1CBAEE66A3BF}.Debug|Any CPU.Build.0 = Debug|Any CPU
		{B9369DC2-E86F-4727-A985-1CBAEE66A3BF}.Release|Any CPU.ActiveCfg = Release|Any CPU
		{B9369DC2-E86F-4727-A985-1CBAEE66A3BF}.Release|Any CPU.Build.0 = Release|Any CPU
		{56A5D231-2872-4C7C-8547-5F4A35B06A1E}.Debug|Any CPU.ActiveCfg = Debug|Any CPU
		{56A5D231-2872-4C7C-8547-5F4A35B06A1E}.Debug|Any CPU.Build.0 = Debug|Any CPU
		{56A5D231-2872-4C7C-8547-5F4A35B06A1E}.Release|Any CPU.ActiveCfg = Release|Any CPU
		{56A5D231-2872-4C7C-8547-5F4A35B06A1E}.Release|Any CPU.Build.0 = Release|Any CPU
	EndGlobalSection
	GlobalSection(SolutionProperties) = preSolution
		HideSolutionNode = FALSE
	EndGlobalSection
	GlobalSection(NestedProjects) = preSolution
		{56A5D231-2872-4C7C-8547-5F4A35B06A1E} = {232218C0-BD94-417C-A356-431E1BC60E19}
	EndGlobalSection
EndGlobal
